{
  "version": 4,
  "terraform_version": "1.0.5",
  "serial": 35,
  "lineage": "f85f8409-ff5c-51d6-4eb7-03e973979416",
  "outputs": {
    "web-instances": {
      "value": "185.86.146.250",
      "type": "string"
    }
  },
  "resources": [
    {
      "mode": "managed",
      "type": "openstack_compute_floatingip_associate_v2",
      "name": "this",
      "provider": "provider[\"registry.terraform.io/terraform-provider-openstack/openstack\"]",
      "instances": [
        {
          "schema_version": 0,
          "attributes": {
            "fixed_ip": "",
            "floating_ip": "185.86.146.250",
            "id": "185.86.146.250/f60a7f27-b28b-4b9b-afa3-55e0528c9167/",
            "instance_id": "f60a7f27-b28b-4b9b-afa3-55e0528c9167",
            "region": "RegionOne",
            "timeouts": null,
            "wait_until_associated": null
          },
          "sensitive_attributes": [],
          "private": "eyJlMmJmYjczMC1lY2FhLTExZTYtOGY4OC0zNDM2M2JjN2M0YzAiOnsiY3JlYXRlIjo2MDAwMDAwMDAwMDB9fQ==",
          "dependencies": [
            "openstack_compute_floatingip_v2.vm_floating_ip",
            "openstack_compute_instance_v2.instance",
            "openstack_compute_keypair_v2.terraform_keypair",
            "openstack_compute_secgroup_v2.ssh-and-http",
            "openstack_networking_network_v2.terraform-net"
          ]
        }
      ]
    },
    {
      "mode": "managed",
      "type": "openstack_compute_floatingip_v2",
      "name": "vm_floating_ip",
      "provider": "provider[\"registry.terraform.io/terraform-provider-openstack/openstack\"]",
      "instances": [
        {
          "schema_version": 0,
          "attributes": {
            "address": "185.86.146.250",
            "fixed_ip": "",
            "id": "51d89ab8-e49f-4b8e-b609-02d975a49865",
            "instance_id": "",
            "pool": "ext-net",
            "region": "RegionOne"
          },
          "sensitive_attributes": [],
          "private": "bnVsbA=="
        }
      ]
    },
    {
      "mode": "managed",
      "type": "openstack_compute_instance_v2",
      "name": "instance",
      "provider": "provider[\"registry.terraform.io/terraform-provider-openstack/openstack\"]",
      "instances": [
        {
          "schema_version": 0,
          "attributes": {
            "access_ip_v4": "10.0.0.16",
            "access_ip_v6": "",
            "admin_pass": null,
            "all_metadata": {},
            "all_tags": [],
            "availability_zone": "DP1",
            "availability_zone_hints": null,
            "block_device": [
              {
                "boot_index": 0,
                "delete_on_termination": true,
                "destination_type": "volume",
                "device_type": "",
                "disk_bus": "",
                "guest_format": "",
                "source_type": "image",
                "uuid": "d853edd0-27b3-4385-a380-248ac8e40956",
                "volume_size": 5,
                "volume_type": ""
              }
            ],
            "config_drive": null,
            "flavor_id": "df3c499a-044f-41d2-8612-d303adc613cc",
            "flavor_name": "Basic-1-1-10",
            "floating_ip": null,
            "force_delete": false,
            "id": "f60a7f27-b28b-4b9b-afa3-55e0528c9167",
            "image_id": "Attempt to boot from volume - no image supplied",
            "image_name": "Ubuntu-18.04-Standard",
            "key_pair": "terraform-keypair",
            "metadata": null,
            "name": "test-node1",
            "network": [
              {
                "access_network": false,
                "fixed_ip_v4": "10.0.0.16",
                "fixed_ip_v6": "",
                "floating_ip": "",
                "mac": "fa:16:3e:6b:2c:30",
                "name": "tech_network",
                "port": "",
                "uuid": "8d481786-2710-4d49-b08e-fee8f35f86ad"
              }
            ],
            "network_mode": null,
            "personality": [],
            "power_state": "active",
            "region": "RegionOne",
            "scheduler_hints": [],
            "security_groups": [
              "allow-ssh-and-http"
            ],
            "stop_before_destroy": false,
            "tags": null,
            "timeouts": null,
            "user_data": "646fb3d0567984b28f33028df03edd7ce267cb9b",
            "vendor_options": [],
            "volume": []
          },
          "sensitive_attributes": [],
          "private": "eyJlMmJmYjczMC1lY2FhLTExZTYtOGY4OC0zNDM2M2JjN2M0YzAiOnsiY3JlYXRlIjoxODAwMDAwMDAwMDAwLCJkZWxldGUiOjE4MDAwMDAwMDAwMDAsInVwZGF0ZSI6MTgwMDAwMDAwMDAwMH19",
          "dependencies": [
            "openstack_compute_keypair_v2.terraform_keypair",
            "openstack_compute_secgroup_v2.ssh-and-http",
            "openstack_networking_network_v2.terraform-net"
          ]
        }
      ]
    },
    {
      "mode": "managed",
      "type": "openstack_compute_keypair_v2",
      "name": "terraform_keypair",
      "provider": "provider[\"registry.terraform.io/terraform-provider-openstack/openstack\"]",
      "instances": [
        {
          "schema_version": 0,
          "attributes": {
            "fingerprint": "28:5b:39:eb:74:42:0a:60:77:fa:03:e8:7d:2b:51:40",
            "id": "terraform-keypair",
            "name": "terraform-keypair",
            "private_key": "",
            "public_key": "ssh-rsa AAAAB3NzaC1yc2EAAAADAQABAAACAQDet4ZMrAbQ3UWJm2DMpD79NYKmwUsMZ4fTfL3keacecwPFIrES54TyZGQ+Jqj0QXzPq+rCf8qH/0l7bYa4ckyT+fO8fevmyUi0g7+hR5a+qvAM5y+OVvXOPAIkHwduTSLj7xYuzJ9PjTpCNgYz5ixdbO+po6pfgUAVm8eOMwJaWQsjbLjOaYz0pVcDBZ0q/Ks5NdSaattRtkMXMrfI+xAs4Zx1cY/M+Q7fiTzIfsQTmdbuBoI22LvjUePmQ9gY04u8NIC6dHEH6jAD07PXG4vC3DbnnioeSBsXO8TNTw8JphH94vlSkA1bwHA1ZqplN4JPdewdiK8+3CwmXrawN7YpDfvNB4uMNCyiGkNxpAwfa6DAo7WkH2o06wrdieICz0JX2xHVjYNXSSERmm54a6RCGpJBlB6GbGIjGXUjzy34sFLNfdsuqN6kb/4XFTHxyx1vhW3hD4f3IqtakUPb9lRTNvsMT/Qf79Pr/Xf17PM7k1I10/EjqGR8xIwDbinqLRpdqvNojFnfFheEGydmc4aAPC//M0HAoxqS4YSjKWkf02sm40cE2KpPOPqVbGI/wBi/1cEJzpXhvQqcFdF+0HzeCAld9UsyuoLiFAqGu6eJHEnS/GKY8g7WNTSL04c7vVKHCfQ5kXZwOgNbdNKlUBzAs+vcTjiH8V5gdZmAGh/YvQ== fadgerman@mail.ru\n",
            "region": "RegionOne",
            "value_specs": null
          },
          "sensitive_attributes": [],
          "private": "bnVsbA=="
        }
      ]
    },
    {
      "mode": "managed",
      "type": "openstack_compute_secgroup_v2",
      "name": "ssh-and-http",
      "provider": "provider[\"registry.terraform.io/terraform-provider-openstack/openstack\"]",
      "instances": [
        {
          "schema_version": 0,
          "attributes": {
            "description": "Allow ssh and http traffic from everywhere",
            "id": "8575631c-68f3-450f-ae3c-296492c49c42",
            "name": "allow-ssh-and-http",
            "region": "RegionOne",
            "rule": [
              {
                "cidr": "0.0.0.0/0",
                "from_group_id": "",
                "from_port": 22,
                "id": "ba928a7b-97c2-4bf9-9a76-f505be16fa91",
                "ip_protocol": "tcp",
                "self": false,
                "to_port": 22
              },
              {
                "cidr": "0.0.0.0/0",
                "from_group_id": "",
                "from_port": 80,
                "id": "28de8832-417a-4e2d-be74-c90a9815259b",
                "ip_protocol": "tcp",
                "self": false,
                "to_port": 80
              }
            ],
            "timeouts": null
          },
          "sensitive_attributes": [],
          "private": "eyJlMmJmYjczMC1lY2FhLTExZTYtOGY4OC0zNDM2M2JjN2M0YzAiOnsiZGVsZXRlIjo2MDAwMDAwMDAwMDB9fQ=="
        }
      ]
    },
    {
      "mode": "managed",
      "type": "openstack_networking_network_v2",
      "name": "terraform-net",
      "provider": "provider[\"registry.terraform.io/terraform-provider-openstack/openstack\"]",
      "instances": [
        {
          "schema_version": 0,
          "attributes": {
            "admin_state_up": true,
            "all_tags": [],
            "availability_zone_hints": [],
            "description": "",
            "dns_domain": "",
            "external": false,
            "id": "8d481786-2710-4d49-b08e-fee8f35f86ad",
            "mtu": 1500,
            "name": "tech_network",
            "port_security_enabled": true,
            "qos_policy_id": "",
            "region": "RegionOne",
            "segments": [],
            "shared": false,
            "tags": null,
            "tenant_id": "f0f622ba7fc54ea69fd01edc7ef4eb53",
            "timeouts": null,
            "transparent_vlan": false,
            "value_specs": null
          },
          "sensitive_attributes": [],
          "private": "eyJlMmJmYjczMC1lY2FhLTExZTYtOGY4OC0zNDM2M2JjN2M0YzAiOnsiY3JlYXRlIjo2MDAwMDAwMDAwMDAsImRlbGV0ZSI6NjAwMDAwMDAwMDAwfX0="
        }
      ]
    },
    {
      "mode": "managed",
      "type": "openstack_networking_router_interface_v2",
      "name": "terraform",
      "provider": "provider[\"registry.terraform.io/terraform-provider-openstack/openstack\"]",
      "instances": [
        {
          "schema_version": 0,
          "attributes": {
            "id": "0b04110a-eec3-4f13-9e90-b27440b2bdb7",
            "port_id": "0b04110a-eec3-4f13-9e90-b27440b2bdb7",
            "region": "RegionOne",
            "router_id": "5d38eede-60a6-42c6-a61f-c5905ef75e95",
            "subnet_id": "d7313ca8-09ea-4267-84ee-59348442009c",
            "timeouts": null
          },
          "sensitive_attributes": [],
          "private": "eyJlMmJmYjczMC1lY2FhLTExZTYtOGY4OC0zNDM2M2JjN2M0YzAiOnsiY3JlYXRlIjo2MDAwMDAwMDAwMDAsImRlbGV0ZSI6NjAwMDAwMDAwMDAwfX0=",
          "dependencies": [
            "openstack_networking_network_v2.terraform-net",
            "openstack_networking_router_v2.terraform-rt",
            "openstack_networking_subnet_v2.terraform-sbnt"
          ]
        }
      ]
    },
    {
      "mode": "managed",
      "type": "openstack_networking_router_v2",
      "name": "terraform-rt",
      "provider": "provider[\"registry.terraform.io/terraform-provider-openstack/openstack\"]",
      "instances": [
        {
          "schema_version": 0,
          "attributes": {
            "admin_state_up": true,
            "all_tags": [],
            "availability_zone_hints": [],
            "description": "",
            "distributed": false,
            "enable_snat": true,
            "external_fixed_ip": [
              {
                "ip_address": "5.188.141.247",
                "subnet_id": "888682e5-abdd-4274-853f-b091115cce84"
              }
            ],
            "external_gateway": "298117ae-3fa4-4109-9e08-8be5602be5a2",
            "external_network_id": "298117ae-3fa4-4109-9e08-8be5602be5a2",
            "external_subnet_ids": null,
            "id": "5d38eede-60a6-42c6-a61f-c5905ef75e95",
            "name": "terraform-router",
            "region": "RegionOne",
            "tags": null,
            "tenant_id": "f0f622ba7fc54ea69fd01edc7ef4eb53",
            "timeouts": null,
            "value_specs": null,
            "vendor_options": []
          },
          "sensitive_attributes": [],
          "private": "eyJlMmJmYjczMC1lY2FhLTExZTYtOGY4OC0zNDM2M2JjN2M0YzAiOnsiY3JlYXRlIjo2MDAwMDAwMDAwMDAsImRlbGV0ZSI6NjAwMDAwMDAwMDAwfX0="
        }
      ]
    },
    {
      "mode": "managed",
      "type": "openstack_networking_subnet_v2",
      "name": "terraform-sbnt",
      "provider": "provider[\"registry.terraform.io/terraform-provider-openstack/openstack\"]",
      "instances": [
        {
          "schema_version": 0,
          "attributes": {
            "all_tags": [],
            "allocation_pool": [
              {
                "end": "10.0.0.254",
                "start": "10.0.0.2"
              }
            ],
            "allocation_pools": [
              {
                "end": "10.0.0.254",
                "start": "10.0.0.2"
              }
            ],
            "cidr": "10.0.0.0/24",
            "description": "",
            "dns_nameservers": [
              "8.8.8.8",
              "4.4.4.4"
            ],
            "enable_dhcp": true,
            "gateway_ip": "10.0.0.1",
            "host_routes": [],
            "id": "d7313ca8-09ea-4267-84ee-59348442009c",
            "ip_version": 4,
            "ipv6_address_mode": "",
            "ipv6_ra_mode": "",
            "name": "subnet_9757",
            "network_id": "8d481786-2710-4d49-b08e-fee8f35f86ad",
            "no_gateway": false,
            "prefix_length": null,
            "region": "RegionOne",
            "subnetpool_id": "",
            "tags": null,
            "tenant_id": "f0f622ba7fc54ea69fd01edc7ef4eb53",
            "timeouts": null,
            "value_specs": null
          },
          "sensitive_attributes": [],
          "private": "eyJlMmJmYjczMC1lY2FhLTExZTYtOGY4OC0zNDM2M2JjN2M0YzAiOnsiY3JlYXRlIjo2MDAwMDAwMDAwMDAsImRlbGV0ZSI6NjAwMDAwMDAwMDAwfX0=",
          "dependencies": [
            "openstack_networking_network_v2.terraform-net"
          ]
        }
      ]
    }
  ]
}
